
Microsoft Visual Studio Solution File, Format Version 12.00
# Visual Studio Version 17
VisualStudioVersion = 17.7.34221.43
MinimumVisualStudioVersion = 10.0.40219.1
Project("{9A19103F-16F7-4668-BE54-9A1E7A4F7556}") = "ConsoleApp", "ConsoleApp.csproj", "{C7F5C6E8-3202-46DA-9FDC-75C0288C0ADD}"
EndProject
Global
	GlobalSection(SolutionConfigurationPlatforms) = preSolution
		Debug|Any CPU = Debug|Any CPU
		Release|Any CPU = Release|Any CPU
	EndGlobalSection
	GlobalSection(ProjectConfigurationPlatforms) = postSolution
		{C7F5C6E8-3202-46DA-9FDC-75C0288C0ADD}.Debug|Any CPU.ActiveCfg = Debug|Any CPU
		{C7F5C6E8-3202-46DA-9FDC-75C0288C0ADD}.Debug|Any CPU.Build.0 = Debug|Any CPU
		{C7F5C6E8-3202-46DA-9FDC-75C0288C0ADD}.Release|Any CPU.ActiveCfg = Release|Any CPU
		{C7F5C6E8-3202-46DA-9FDC-75C0288C0ADD}.Release|Any CPU.Build.0 = Release|Any CPU
	EndGlobalSection
	GlobalSection(SolutionProperties) = preSolution
		HideSolutionNode = FALSE
	EndGlobalSection
	GlobalSection(ExtensibilityGlobals) = postSolution
		SolutionGuid = {D57B209D-3154-4F7A-BF67-3C481261221F}
	EndGlobalSection
EndGlobal
