
Microsoft Visual Studio Solution File, Format Version 12.00
# Visual Studio Version 17
VisualStudioVersion = 17.8.34316.72
MinimumVisualStudioVersion = 10.0.40219.1
Project("{FAE04EC0-301F-11D3-BF4B-00C04F79EFBC}") = "ConsoleApp", "ConsoleApp.csproj", "{E3C5295D-F0F2-4364-8111-B8B67145E14E}"
EndProject
Global
	GlobalSection(SolutionConfigurationPlatforms) = preSolution
		Debug|Any CPU = Debug|Any CPU
		Release|Any CPU = Release|Any CPU
	EndGlobalSection
	GlobalSection(ProjectConfigurationPlatforms) = postSolution
		{E3C5295D-F0F2-4364-8111-B8B67145E14E}.Debug|Any CPU.ActiveCfg = Debug|Any CPU
		{E3C5295D-F0F2-4364-8111-B8B67145E14E}.Debug|Any CPU.Build.0 = Debug|Any CPU
		{E3C5295D-F0F2-4364-8111-B8B67145E14E}.Release|Any CPU.ActiveCfg = Release|Any CPU
		{E3C5295D-F0F2-4364-8111-B8B67145E14E}.Release|Any CPU.Build.0 = Release|Any CPU
	EndGlobalSection
	GlobalSection(SolutionProperties) = preSolution
		HideSolutionNode = FALSE
	EndGlobalSection
	GlobalSection(ExtensibilityGlobals) = postSolution
		SolutionGuid = {14B4A5A0-821B-4A40-BC87-2DE787D2CA4A}
	EndGlobalSection
EndGlobal
