
Microsoft Visual Studio Solution File, Format Version 12.00
# Visual Studio Version 17
VisualStudioVersion = 17.7.34221.43
MinimumVisualStudioVersion = 10.0.40219.1
Project("{FAE04EC0-301F-11D3-BF4B-00C04F79EFBC}") = "ConsoleApp", "ConsoleApp.csproj", "{D3D603C1-A746-4FF2-B312-25DC938DB0C9}"
EndProject
Global
	GlobalSection(SolutionConfigurationPlatforms) = preSolution
		Debug|Any CPU = Debug|Any CPU
		Release|Any CPU = Release|Any CPU
	EndGlobalSection
	GlobalSection(ProjectConfigurationPlatforms) = postSolution
		{D3D603C1-A746-4FF2-B312-25DC938DB0C9}.Debug|Any CPU.ActiveCfg = Debug|Any CPU
		{D3D603C1-A746-4FF2-B312-25DC938DB0C9}.Debug|Any CPU.Build.0 = Debug|Any CPU
		{D3D603C1-A746-4FF2-B312-25DC938DB0C9}.Release|Any CPU.ActiveCfg = Release|Any CPU
		{D3D603C1-A746-4FF2-B312-25DC938DB0C9}.Release|Any CPU.Build.0 = Release|Any CPU
	EndGlobalSection
	GlobalSection(SolutionProperties) = preSolution
		HideSolutionNode = FALSE
	EndGlobalSection
	GlobalSection(ExtensibilityGlobals) = postSolution
		SolutionGuid = {358292D6-D24F-4CE3-9181-D498D5AF581C}
	EndGlobalSection
EndGlobal
