
Microsoft Visual Studio Solution File, Format Version 12.00
# Visual Studio Version 17
VisualStudioVersion = 17.8.34316.72
MinimumVisualStudioVersion = 10.0.40219.1
Project("{FAE04EC0-301F-11D3-BF4B-00C04F79EFBC}") = "ConsoleApp1", "ConsoleApp1.csproj", "{D2E77544-BF86-40B5-8421-C01880A05EE0}"
EndProject
Global
	GlobalSection(SolutionConfigurationPlatforms) = preSolution
		Debug|Any CPU = Debug|Any CPU
		Release|Any CPU = Release|Any CPU
	EndGlobalSection
	GlobalSection(ProjectConfigurationPlatforms) = postSolution
		{D2E77544-BF86-40B5-8421-C01880A05EE0}.Debug|Any CPU.ActiveCfg = Debug|Any CPU
		{D2E77544-BF86-40B5-8421-C01880A05EE0}.Debug|Any CPU.Build.0 = Debug|Any CPU
		{D2E77544-BF86-40B5-8421-C01880A05EE0}.Release|Any CPU.ActiveCfg = Release|Any CPU
		{D2E77544-BF86-40B5-8421-C01880A05EE0}.Release|Any CPU.Build.0 = Release|Any CPU
	EndGlobalSection
	GlobalSection(SolutionProperties) = preSolution
		HideSolutionNode = FALSE
	EndGlobalSection
	GlobalSection(ExtensibilityGlobals) = postSolution
		SolutionGuid = {40263C0E-F5F3-4B6B-80BA-9A12FE7B3996}
	EndGlobalSection
EndGlobal
